
Microsoft Visual Studio Solution File, Format Version 12.00
# Visual Studio Version 16
VisualStudioVersion = 16.0.30128.74
MinimumVisualStudioVersion = 10.0.40219.1
Project("{9A19103F-16F7-4668-BE54-9A1E7A4F7556}") = "RMMService", "RMMService\RMMService.csproj", "{771796A5-CBC9-4F11-88AF-99EA155822CC}"
EndProject
Project("{9A19103F-16F7-4668-BE54-9A1E7A4F7556}") = "ServiceInstall", "ServiceInstall\ServiceInstall.csproj", "{569929A9-18D2-4BEA-AB1F-4F7EE6A7D1EF}"
EndProject
Project("{9A19103F-16F7-4668-BE54-9A1E7A4F7556}") = "ServiceUninstall", "ServiceUninstall\ServiceUninstall.csproj", "{B460BEB4-998B-400B-BED1-48E8C3B0B7D7}"
EndProject
Project("{54435603-DBB4-11D2-8724-00A0C9A8B90C}") = "Setup RMM Service", "Setup RMM Service\Setup RMM Service.vdproj", "{CE336A54-CBF6-4C29-8F28-EB94D3115267}"
EndProject
Global
	GlobalSection(SolutionConfigurationPlatforms) = preSolution
		Debug|Any CPU = Debug|Any CPU
		Release|Any CPU = Release|Any CPU
	EndGlobalSection
	GlobalSection(ProjectConfigurationPlatforms) = postSolution
		{771796A5-CBC9-4F11-88AF-99EA155822CC}.Debug|Any CPU.ActiveCfg = Debug|Any CPU
		{771796A5-CBC9-4F11-88AF-99EA155822CC}.Debug|Any CPU.Build.0 = Debug|Any CPU
		{771796A5-CBC9-4F11-88AF-99EA155822CC}.Release|Any CPU.ActiveCfg = Release|Any CPU
		{771796A5-CBC9-4F11-88AF-99EA155822CC}.Release|Any CPU.Build.0 = Release|Any CPU
		{569929A9-18D2-4BEA-AB1F-4F7EE6A7D1EF}.Debug|Any CPU.ActiveCfg = Debug|Any CPU
		{569929A9-18D2-4BEA-AB1F-4F7EE6A7D1EF}.Debug|Any CPU.Build.0 = Debug|Any CPU
		{569929A9-18D2-4BEA-AB1F-4F7EE6A7D1EF}.Release|Any CPU.ActiveCfg = Release|Any CPU
		{569929A9-18D2-4BEA-AB1F-4F7EE6A7D1EF}.Release|Any CPU.Build.0 = Release|Any CPU
		{B460BEB4-998B-400B-BED1-48E8C3B0B7D7}.Debug|Any CPU.ActiveCfg = Debug|Any CPU
		{B460BEB4-998B-400B-BED1-48E8C3B0B7D7}.Debug|Any CPU.Build.0 = Debug|Any CPU
		{B460BEB4-998B-400B-BED1-48E8C3B0B7D7}.Release|Any CPU.ActiveCfg = Release|Any CPU
		{B460BEB4-998B-400B-BED1-48E8C3B0B7D7}.Release|Any CPU.Build.0 = Release|Any CPU
		{CE336A54-CBF6-4C29-8F28-EB94D3115267}.Debug|Any CPU.ActiveCfg = Debug
		{CE336A54-CBF6-4C29-8F28-EB94D3115267}.Release|Any CPU.ActiveCfg = Release
	EndGlobalSection
	GlobalSection(SolutionProperties) = preSolution
		HideSolutionNode = FALSE
	EndGlobalSection
	GlobalSection(ExtensibilityGlobals) = postSolution
		SolutionGuid = {C7F8BF52-784F-434A-9E0A-6D2C9639063A}
	EndGlobalSection
EndGlobal
